// !$*UTF8*$!
{
	archiveVersion = 1;
	classes = {
	};
	objectVersion = 50;
	objects = {

/* Begin PBXBuildFile section */
		791527A42443EE4C0006F1A0 /* CoreLocation.framework in Frameworks */ = {isa = PBXBuildFile; fileRef = 791527A32443EE4C0006F1A0 /* CoreLocation.framework */; };
		796B33472444089600B44288 /* items.swift in Sources */ = {isa = PBXBuildFile; fileRef = 796B33462444089600B44288 /* items.swift */; };
		796B334B2444105500B44288 /* ItemTableViewCell.swift in Sources */ = {isa = PBXBuildFile; fileRef = 796B334A2444105500B44288 /* ItemTableViewCell.swift */; };
		796B334D2444347400B44288 /* DetailViewController.swift in Sources */ = {isa = PBXBuildFile; fileRef = 796B334C2444347400B44288 /* DetailViewController.swift */; };
		797B94632426DDC900AF1311 /* AppDelegate.swift in Sources */ = {isa = PBXBuildFile; fileRef = 797B94622426DDC900AF1311 /* AppDelegate.swift */; };
		797B94652426DDC900AF1311 /* SceneDelegate.swift in Sources */ = {isa = PBXBuildFile; fileRef = 797B94642426DDC900AF1311 /* SceneDelegate.swift */; };
		797B94672426DDC900AF1311 /* ViewController.swift in Sources */ = {isa = PBXBuildFile; fileRef = 797B94662426DDC900AF1311 /* ViewController.swift */; };
		797B946A2426DDC900AF1311 /* Main.storyboard in Resources */ = {isa = PBXBuildFile; fileRef = 797B94682426DDC900AF1311 /* Main.storyboard */; };
		797B946D2426DDC900AF1311 /* Plantabase.xcdatamodeld in Sources */ = {isa = PBXBuildFile; fileRef = 797B946B2426DDC900AF1311 /* Plantabase.xcdatamodeld */; };
		797B946F2426DDC900AF1311 /* Assets.xcassets in Resources */ = {isa = PBXBuildFile; fileRef = 797B946E2426DDC900AF1311 /* Assets.xcassets */; };
		797B94722426DDC900AF1311 /* LaunchScreen.storyboard in Resources */ = {isa = PBXBuildFile; fileRef = 797B94702426DDC900AF1311 /* LaunchScreen.storyboard */; };
		797B94932426DFCB00AF1311 /* OpenSans-SemiBold.ttf in Resources */ = {isa = PBXBuildFile; fileRef = 797B94892426DFCB00AF1311 /* OpenSans-SemiBold.ttf */; };
		797B94942426DFCB00AF1311 /* OpenSans-Light.ttf in Resources */ = {isa = PBXBuildFile; fileRef = 797B948A2426DFCB00AF1311 /* OpenSans-Light.ttf */; };
		797B94952426DFCB00AF1311 /* OpenSans-Italic.ttf in Resources */ = {isa = PBXBuildFile; fileRef = 797B948B2426DFCB00AF1311 /* OpenSans-Italic.ttf */; };
		797B94962426DFCB00AF1311 /* OpenSans-ExtraBold.ttf in Resources */ = {isa = PBXBuildFile; fileRef = 797B948C2426DFCB00AF1311 /* OpenSans-ExtraBold.ttf */; };
		797B94972426DFCB00AF1311 /* OpenSans-LightItalic.ttf in Resources */ = {isa = PBXBuildFile; fileRef = 797B948D2426DFCB00AF1311 /* OpenSans-LightItalic.ttf */; };
		797B94982426DFCB00AF1311 /* OpenSans-Bold.ttf in Resources */ = {isa = PBXBuildFile; fileRef = 797B948E2426DFCB00AF1311 /* OpenSans-Bold.ttf */; };
		797B94992426DFCB00AF1311 /* OpenSans-SemiBoldItalic.ttf in Resources */ = {isa = PBXBuildFile; fileRef = 797B948F2426DFCB00AF1311 /* OpenSans-SemiBoldItalic.ttf */; };
		797B949A2426DFCB00AF1311 /* OpenSans-ExtraBoldItalic.ttf in Resources */ = {isa = PBXBuildFile; fileRef = 797B94902426DFCB00AF1311 /* OpenSans-ExtraBoldItalic.ttf */; };
		797B949B2426DFCB00AF1311 /* OpenSans-Regular.ttf in Resources */ = {isa = PBXBuildFile; fileRef = 797B94912426DFCB00AF1311 /* OpenSans-Regular.ttf */; };
		797B949C2426DFCB00AF1311 /* OpenSans-BoldItalic.ttf in Resources */ = {isa = PBXBuildFile; fileRef = 797B94922426DFCB00AF1311 /* OpenSans-BoldItalic.ttf */; };
		797B94A62426E43600AF1311 /* MapViewController.swift in Sources */ = {isa = PBXBuildFile; fileRef = 797B94A52426E43600AF1311 /* MapViewController.swift */; };
		797B94A82426E58500AF1311 /* CreateProfileViewController.swift in Sources */ = {isa = PBXBuildFile; fileRef = 797B94A72426E58500AF1311 /* CreateProfileViewController.swift */; };
		797B94AC2426F22600AF1311 /* ProfileViewController.swift in Sources */ = {isa = PBXBuildFile; fileRef = 797B94AB2426F22600AF1311 /* ProfileViewController.swift */; };
		7996D7242443F7EF00284586 /* Home  Art.png in Resources */ = {isa = PBXBuildFile; fileRef = 7996D7232443F7EF00284586 /* Home  Art.png */; };
		79D77B622444EFE1000663CD /* plant girl.png in Resources */ = {isa = PBXBuildFile; fileRef = 79D77B612444EFE0000663CD /* plant girl.png */; };
		79D77B6D2444FE8D000663CD /* User+CoreDataClass.swift in Sources */ = {isa = PBXBuildFile; fileRef = 79D77B6B2444FE8D000663CD /* User+CoreDataClass.swift */; };
		79D77B6E2444FE8D000663CD /* User+CoreDataProperties.swift in Sources */ = {isa = PBXBuildFile; fileRef = 79D77B6C2444FE8D000663CD /* User+CoreDataProperties.swift */; };
		79F3FE002426F4C0008A306A /* SavedPlantsViewController.swift in Sources */ = {isa = PBXBuildFile; fileRef = 79F3FDFF2426F4C0008A306A /* SavedPlantsViewController.swift */; };
/* End PBXBuildFile section */

/* Begin PBXFileReference section */
		791527A32443EE4C0006F1A0 /* CoreLocation.framework */ = {isa = PBXFileReference; lastKnownFileType = wrapper.framework; name = CoreLocation.framework; path = System/Library/Frameworks/CoreLocation.framework; sourceTree = SDKROOT; };
		796B33462444089600B44288 /* items.swift */ = {isa = PBXFileReference; lastKnownFileType = sourcecode.swift; path = items.swift; sourceTree = "<group>"; };
		796B334A2444105500B44288 /* ItemTableViewCell.swift */ = {isa = PBXFileReference; lastKnownFileType = sourcecode.swift; path = ItemTableViewCell.swift; sourceTree = "<group>"; };
		796B334C2444347400B44288 /* DetailViewController.swift */ = {isa = PBXFileReference; lastKnownFileType = sourcecode.swift; path = DetailViewController.swift; sourceTree = "<group>"; };
		797B945F2426DDC900AF1311 /* Plantabase.app */ = {isa = PBXFileReference; explicitFileType = wrapper.application; includeInIndex = 0; path = Plantabase.app; sourceTree = BUILT_PRODUCTS_DIR; };
		797B94622426DDC900AF1311 /* AppDelegate.swift */ = {isa = PBXFileReference; lastKnownFileType = sourcecode.swift; path = AppDelegate.swift; sourceTree = "<group>"; };
		797B94642426DDC900AF1311 /* SceneDelegate.swift */ = {isa = PBXFileReference; lastKnownFileType = sourcecode.swift; path = SceneDelegate.swift; sourceTree = "<group>"; };
		797B94662426DDC900AF1311 /* ViewController.swift */ = {isa = PBXFileReference; lastKnownFileType = sourcecode.swift; path = ViewController.swift; sourceTree = "<group>"; };
		797B94692426DDC900AF1311 /* Base */ = {isa = PBXFileReference; lastKnownFileType = file.storyboard; name = Base; path = Base.lproj/Main.storyboard; sourceTree = "<group>"; };
		797B946C2426DDC900AF1311 /* Plantabase.xcdatamodel */ = {isa = PBXFileReference; lastKnownFileType = wrapper.xcdatamodel; path = Plantabase.xcdatamodel; sourceTree = "<group>"; };
		797B946E2426DDC900AF1311 /* Assets.xcassets */ = {isa = PBXFileReference; lastKnownFileType = folder.assetcatalog; path = Assets.xcassets; sourceTree = "<group>"; };
		797B94712426DDC900AF1311 /* Base */ = {isa = PBXFileReference; lastKnownFileType = file.storyboard; name = Base; path = Base.lproj/LaunchScreen.storyboard; sourceTree = "<group>"; };
		797B94732426DDC900AF1311 /* Info.plist */ = {isa = PBXFileReference; lastKnownFileType = text.plist.xml; path = Info.plist; sourceTree = "<group>"; };
		797B94892426DFCB00AF1311 /* OpenSans-SemiBold.ttf */ = {isa = PBXFileReference; lastKnownFileType = file; path = "OpenSans-SemiBold.ttf"; sourceTree = "<group>"; };
		797B948A2426DFCB00AF1311 /* OpenSans-Light.ttf */ = {isa = PBXFileReference; lastKnownFileType = file; path = "OpenSans-Light.ttf"; sourceTree = "<group>"; };
		797B948B2426DFCB00AF1311 /* OpenSans-Italic.ttf */ = {isa = PBXFileReference; lastKnownFileType = file; path = "OpenSans-Italic.ttf"; sourceTree = "<group>"; };
		797B948C2426DFCB00AF1311 /* OpenSans-ExtraBold.ttf */ = {isa = PBXFileReference; lastKnownFileType = file; path = "OpenSans-ExtraBold.ttf"; sourceTree = "<group>"; };
		797B948D2426DFCB00AF1311 /* OpenSans-LightItalic.ttf */ = {isa = PBXFileReference; lastKnownFileType = file; path = "OpenSans-LightItalic.ttf"; sourceTree = "<group>"; };
		797B948E2426DFCB00AF1311 /* OpenSans-Bold.ttf */ = {isa = PBXFileReference; lastKnownFileType = file; path = "OpenSans-Bold.ttf"; sourceTree = "<group>"; };
		797B948F2426DFCB00AF1311 /* OpenSans-SemiBoldItalic.ttf */ = {isa = PBXFileReference; lastKnownFileType = file; path = "OpenSans-SemiBoldItalic.ttf"; sourceTree = "<group>"; };
		797B94902426DFCB00AF1311 /* OpenSans-ExtraBoldItalic.ttf */ = {isa = PBXFileReference; lastKnownFileType = file; path = "OpenSans-ExtraBoldItalic.ttf"; sourceTree = "<group>"; };
		797B94912426DFCB00AF1311 /* OpenSans-Regular.ttf */ = {isa = PBXFileReference; lastKnownFileType = file; path = "OpenSans-Regular.ttf"; sourceTree = "<group>"; };
		797B94922426DFCB00AF1311 /* OpenSans-BoldItalic.ttf */ = {isa = PBXFileReference; lastKnownFileType = file; path = "OpenSans-BoldItalic.ttf"; sourceTree = "<group>"; };
		797B949F2426E20E00AF1311 /* Launch Plants.png */ = {isa = PBXFileReference; lastKnownFileType = image.png; path = "Launch Plants.png"; sourceTree = "<group>"; };
		797B94A52426E43600AF1311 /* MapViewController.swift */ = {isa = PBXFileReference; lastKnownFileType = sourcecode.swift; path = MapViewController.swift; sourceTree = "<group>"; };
		797B94A72426E58500AF1311 /* CreateProfileViewController.swift */ = {isa = PBXFileReference; lastKnownFileType = sourcecode.swift; path = CreateProfileViewController.swift; sourceTree = "<group>"; };
		797B94AB2426F22600AF1311 /* ProfileViewController.swift */ = {isa = PBXFileReference; lastKnownFileType = sourcecode.swift; path = ProfileViewController.swift; sourceTree = "<group>"; };
		7996D7232443F7EF00284586 /* Home  Art.png */ = {isa = PBXFileReference; lastKnownFileType = image.png; name = "Home  Art.png"; path = "Pictures/Home  Art.png"; sourceTree = SOURCE_ROOT; };
		79D77B612444EFE0000663CD /* plant girl.png */ = {isa = PBXFileReference; lastKnownFileType = image.png; name = "plant girl.png"; path = "Pictures/plant girl.png"; sourceTree = SOURCE_ROOT; };
		79D77B6B2444FE8D000663CD /* User+CoreDataClass.swift */ = {isa = PBXFileReference; lastKnownFileType = sourcecode.swift; path = "User+CoreDataClass.swift"; sourceTree = "<group>"; };
		79D77B6C2444FE8D000663CD /* User+CoreDataProperties.swift */ = {isa = PBXFileReference; lastKnownFileType = sourcecode.swift; path = "User+CoreDataProperties.swift"; sourceTree = "<group>"; };
		79F3FDFF2426F4C0008A306A /* SavedPlantsViewController.swift */ = {isa = PBXFileReference; lastKnownFileType = sourcecode.swift; path = SavedPlantsViewController.swift; sourceTree = "<group>"; };
/* End PBXFileReference section */

/* Begin PBXFrameworksBuildPhase section */
		797B945C2426DDC800AF1311 /* Frameworks */ = {
			isa = PBXFrameworksBuildPhase;
			buildActionMask = 2147483647;
			files = (
				791527A42443EE4C0006F1A0 /* CoreLocation.framework in Frameworks */,
			);
			runOnlyForDeploymentPostprocessing = 0;
		};
/* End PBXFrameworksBuildPhase section */

/* Begin PBXGroup section */
		791527A22443EE4C0006F1A0 /* Frameworks */ = {
			isa = PBXGroup;
			children = (
				791527A32443EE4C0006F1A0 /* CoreLocation.framework */,
			);
			name = Frameworks;
			sourceTree = "<group>";
		};
		797B94562426DDC800AF1311 = {
			isa = PBXGroup;
			children = (
				797B94612426DDC900AF1311 /* Plantabase */,
				797B94602426DDC900AF1311 /* Products */,
				791527A22443EE4C0006F1A0 /* Frameworks */,
			);
			sourceTree = "<group>";
		};
		797B94602426DDC900AF1311 /* Products */ = {
			isa = PBXGroup;
			children = (
				797B945F2426DDC900AF1311 /* Plantabase.app */,
			);
			name = Products;
			sourceTree = "<group>";
		};
		797B94612426DDC900AF1311 /* Plantabase */ = {
			isa = PBXGroup;
			children = (
				797B94682426DDC900AF1311 /* Main.storyboard */,
				797B94662426DDC900AF1311 /* ViewController.swift */,
				797B94A52426E43600AF1311 /* MapViewController.swift */,
				796B334C2444347400B44288 /* DetailViewController.swift */,
				797B94A72426E58500AF1311 /* CreateProfileViewController.swift */,
				79F3FDFF2426F4C0008A306A /* SavedPlantsViewController.swift */,
				797B94AB2426F22600AF1311 /* ProfileViewController.swift */,
				79D77B6B2444FE8D000663CD /* User+CoreDataClass.swift */,
				796B33462444089600B44288 /* items.swift */,
				796B334A2444105500B44288 /* ItemTableViewCell.swift */,
				797B946E2426DDC900AF1311 /* Assets.xcassets */,
				797B94702426DDC900AF1311 /* LaunchScreen.storyboard */,
				797B94622426DDC900AF1311 /* AppDelegate.swift */,
				797B94642426DDC900AF1311 /* SceneDelegate.swift */,
				79D77B6C2444FE8D000663CD /* User+CoreDataProperties.swift */,
				797B94732426DDC900AF1311 /* Info.plist */,
				797B946B2426DDC900AF1311 /* Plantabase.xcdatamodeld */,
				79D77B632444FACC000663CD /* Images */,
				797B94882426DFCB00AF1311 /* Open Sans Font */,
			);
			path = Plantabase;
			sourceTree = "<group>";
		};
		797B94882426DFCB00AF1311 /* Open Sans Font */ = {
			isa = PBXGroup;
			children = (
				797B94892426DFCB00AF1311 /* OpenSans-SemiBold.ttf */,
				797B948A2426DFCB00AF1311 /* OpenSans-Light.ttf */,
				797B948B2426DFCB00AF1311 /* OpenSans-Italic.ttf */,
				797B948C2426DFCB00AF1311 /* OpenSans-ExtraBold.ttf */,
				797B948D2426DFCB00AF1311 /* OpenSans-LightItalic.ttf */,
				797B948E2426DFCB00AF1311 /* OpenSans-Bold.ttf */,
				797B948F2426DFCB00AF1311 /* OpenSans-SemiBoldItalic.ttf */,
				797B94902426DFCB00AF1311 /* OpenSans-ExtraBoldItalic.ttf */,
				797B94912426DFCB00AF1311 /* OpenSans-Regular.ttf */,
				797B94922426DFCB00AF1311 /* OpenSans-BoldItalic.ttf */,
			);
			path = "Open Sans Font";
			sourceTree = "<group>";
		};
		79D77B632444FACC000663CD /* Images */ = {
			isa = PBXGroup;
			children = (
				7996D7232443F7EF00284586 /* Home  Art.png */,
				79D77B612444EFE0000663CD /* plant girl.png */,
				797B949F2426E20E00AF1311 /* Launch Plants.png */,
			);
			path = Images;
			sourceTree = "<group>";
		};
/* End PBXGroup section */

/* Begin PBXNativeTarget section */
		797B945E2426DDC800AF1311 /* Plantabase */ = {
			isa = PBXNativeTarget;
			buildConfigurationList = 797B94762426DDC900AF1311 /* Build configuration list for PBXNativeTarget "Plantabase" */;
			buildPhases = (
				797B945B2426DDC800AF1311 /* Sources */,
				797B945C2426DDC800AF1311 /* Frameworks */,
				797B945D2426DDC800AF1311 /* Resources */,
			);
			buildRules = (
			);
			dependencies = (
			);
			name = Plantabase;
			productName = Plantabase;
			productReference = 797B945F2426DDC900AF1311 /* Plantabase.app */;
			productType = "com.apple.product-type.application";
		};
/* End PBXNativeTarget section */

/* Begin PBXProject section */
		797B94572426DDC800AF1311 /* Project object */ = {
			isa = PBXProject;
			attributes = {
				LastSwiftUpdateCheck = 1100;
				LastUpgradeCheck = 1100;
				ORGANIZATIONNAME = Shovkovy;
				TargetAttributes = {
					797B945E2426DDC800AF1311 = {
						CreatedOnToolsVersion = 11.0;
					};
				};
			};
			buildConfigurationList = 797B945A2426DDC800AF1311 /* Build configuration list for PBXProject "Plantabase" */;
			compatibilityVersion = "Xcode 9.3";
			developmentRegion = en;
			hasScannedForEncodings = 0;
			knownRegions = (
				en,
				Base,
			);
			mainGroup = 797B94562426DDC800AF1311;
			productRefGroup = 797B94602426DDC900AF1311 /* Products */;
			projectDirPath = "";
			projectRoot = "";
			targets = (
				797B945E2426DDC800AF1311 /* Plantabase */,
			);
		};
/* End PBXProject section */

/* Begin PBXResourcesBuildPhase section */
		797B945D2426DDC800AF1311 /* Resources */ = {
			isa = PBXResourcesBuildPhase;
			buildActionMask = 2147483647;
			files = (
				7996D7242443F7EF00284586 /* Home  Art.png in Resources */,
				797B94942426DFCB00AF1311 /* OpenSans-Light.ttf in Resources */,
				797B94722426DDC900AF1311 /* LaunchScreen.storyboard in Resources */,
				797B94962426DFCB00AF1311 /* OpenSans-ExtraBold.ttf in Resources */,
				797B94932426DFCB00AF1311 /* OpenSans-SemiBold.ttf in Resources */,
				797B946F2426DDC900AF1311 /* Assets.xcassets in Resources */,
				797B946A2426DDC900AF1311 /* Main.storyboard in Resources */,
				797B949A2426DFCB00AF1311 /* OpenSans-ExtraBoldItalic.ttf in Resources */,
				797B94952426DFCB00AF1311 /* OpenSans-Italic.ttf in Resources */,
				797B94992426DFCB00AF1311 /* OpenSans-SemiBoldItalic.ttf in Resources */,
				797B949C2426DFCB00AF1311 /* OpenSans-BoldItalic.ttf in Resources */,
				79D77B622444EFE1000663CD /* plant girl.png in Resources */,
				797B94982426DFCB00AF1311 /* OpenSans-Bold.ttf in Resources */,
				797B949B2426DFCB00AF1311 /* OpenSans-Regular.ttf in Resources */,
				797B94972426DFCB00AF1311 /* OpenSans-LightItalic.ttf in Resources */,
			);
			runOnlyForDeploymentPostprocessing = 0;
		};
/* End PBXResourcesBuildPhase section */

/* Begin PBXSourcesBuildPhase section */
		797B945B2426DDC800AF1311 /* Sources */ = {
			isa = PBXSourcesBuildPhase;
			buildActionMask = 2147483647;
			files = (
				796B334D2444347400B44288 /* DetailViewController.swift in Sources */,
				797B94672426DDC900AF1311 /* ViewController.swift in Sources */,
				79D77B6D2444FE8D000663CD /* User+CoreDataClass.swift in Sources */,
				797B94632426DDC900AF1311 /* AppDelegate.swift in Sources */,
				796B334B2444105500B44288 /* ItemTableViewCell.swift in Sources */,
				796B33472444089600B44288 /* items.swift in Sources */,
				797B946D2426DDC900AF1311 /* Plantabase.xcdatamodeld in Sources */,
				797B94A62426E43600AF1311 /* MapViewController.swift in Sources */,
				797B94AC2426F22600AF1311 /* ProfileViewController.swift in Sources */,
				797B94A82426E58500AF1311 /* CreateProfileViewController.swift in Sources */,
				79D77B6E2444FE8D000663CD /* User+CoreDataProperties.swift in Sources */,
				79F3FE002426F4C0008A306A /* SavedPlantsViewController.swift in Sources */,
				797B94652426DDC900AF1311 /* SceneDelegate.swift in Sources */,
			);
			runOnlyForDeploymentPostprocessing = 0;
		};
/* End PBXSourcesBuildPhase section */

/* Begin PBXVariantGroup section */
		797B94682426DDC900AF1311 /* Main.storyboard */ = {
			isa = PBXVariantGroup;
			children = (
				797B94692426DDC900AF1311 /* Base */,
			);
			name = Main.storyboard;
			sourceTree = "<group>";
		};
		797B94702426DDC900AF1311 /* LaunchScreen.storyboard */ = {
			isa = PBXVariantGroup;
			children = (
				797B94712426DDC900AF1311 /* Base */,
			);
			name = LaunchScreen.storyboard;
			sourceTree = "<group>";
		};
/* End PBXVariantGroup section */

/* Begin XCBuildConfiguration section */
		797B94742426DDC900AF1311 /* Debug */ = {
			isa = XCBuildConfiguration;
			buildSettings = {
				ALWAYS_SEARCH_USER_PATHS = NO;
				CLANG_ANALYZER_NONNULL = YES;
				CLANG_ANALYZER_NUMBER_OBJECT_CONVERSION = YES_AGGRESSIVE;
				CLANG_CXX_LANGUAGE_STANDARD = "gnu++14";
				CLANG_CXX_LIBRARY = "libc++";
				CLANG_ENABLE_MODULES = YES;
				CLANG_ENABLE_OBJC_ARC = YES;
				CLANG_ENABLE_OBJC_WEAK = YES;
				CLANG_WARN_BLOCK_CAPTURE_AUTORELEASING = YES;
				CLANG_WARN_BOOL_CONVERSION = YES;
				CLANG_WARN_COMMA = YES;
				CLANG_WARN_CONSTANT_CONVERSION = YES;
				CLANG_WARN_DEPRECATED_OBJC_IMPLEMENTATIONS = YES;
				CLANG_WARN_DIRECT_OBJC_ISA_USAGE = YES_ERROR;
				CLANG_WARN_DOCUMENTATION_COMMENTS = YES;
				CLANG_WARN_EMPTY_BODY = YES;
				CLANG_WARN_ENUM_CONVERSION = YES;
				CLANG_WARN_INFINITE_RECURSION = YES;
				CLANG_WARN_INT_CONVERSION = YES;
				CLANG_WARN_NON_LITERAL_NULL_CONVERSION = YES;
				CLANG_WARN_OBJC_IMPLICIT_RETAIN_SELF = YES;
				CLANG_WARN_OBJC_LITERAL_CONVERSION = YES;
				CLANG_WARN_OBJC_ROOT_CLASS = YES_ERROR;
				CLANG_WARN_RANGE_LOOP_ANALYSIS = YES;
				CLANG_WARN_STRICT_PROTOTYPES = YES;
				CLANG_WARN_SUSPICIOUS_MOVE = YES;
				CLANG_WARN_UNGUARDED_AVAILABILITY = YES_AGGRESSIVE;
				CLANG_WARN_UNREACHABLE_CODE = YES;
				CLANG_WARN__DUPLICATE_METHOD_MATCH = YES;
				COPY_PHASE_STRIP = NO;
				DEBUG_INFORMATION_FORMAT = dwarf;
				ENABLE_STRICT_OBJC_MSGSEND = YES;
				ENABLE_TESTABILITY = YES;
				GCC_C_LANGUAGE_STANDARD = gnu11;
				GCC_DYNAMIC_NO_PIC = NO;
				GCC_NO_COMMON_BLOCKS = YES;
				GCC_OPTIMIZATION_LEVEL = 0;
				GCC_PREPROCESSOR_DEFINITIONS = (
					"DEBUG=1",
					"$(inherited)",
				);
				GCC_WARN_64_TO_32_BIT_CONVERSION = YES;
				GCC_WARN_ABOUT_RETURN_TYPE = YES_ERROR;
				GCC_WARN_UNDECLARED_SELECTOR = YES;
				GCC_WARN_UNINITIALIZED_AUTOS = YES_AGGRESSIVE;
				GCC_WARN_UNUSED_FUNCTION = YES;
				GCC_WARN_UNUSED_VARIABLE = YES;
				IPHONEOS_DEPLOYMENT_TARGET = 13.0;
				MTL_ENABLE_DEBUG_INFO = INCLUDE_SOURCE;
				MTL_FAST_MATH = YES;
				ONLY_ACTIVE_ARCH = YES;
				SDKROOT = iphoneos;
				SWIFT_ACTIVE_COMPILATION_CONDITIONS = DEBUG;
				SWIFT_OPTIMIZATION_LEVEL = "-Onone";
			};
			name = Debug;
		};
		797B94752426DDC900AF1311 /* Release */ = {
			isa = XCBuildConfiguration;
			buildSettings = {
				ALWAYS_SEARCH_USER_PATHS = NO;
				CLANG_ANALYZER_NONNULL = YES;
				CLANG_ANALYZER_NUMBER_OBJECT_CONVERSION = YES_AGGRESSIVE;
				CLANG_CXX_LANGUAGE_STANDARD = "gnu++14";
				CLANG_CXX_LIBRARY = "libc++";
				CLANG_ENABLE_MODULES = YES;
				CLANG_ENABLE_OBJC_ARC = YES;
				CLANG_ENABLE_OBJC_WEAK = YES;
				CLANG_WARN_BLOCK_CAPTURE_AUTORELEASING = YES;
				CLANG_WARN_BOOL_CONVERSION = YES;
				CLANG_WARN_COMMA = YES;
				CLANG_WARN_CONSTANT_CONVERSION = YES;
				CLANG_WARN_DEPRECATED_OBJC_IMPLEMENTATIONS = YES;
				CLANG_WARN_DIRECT_OBJC_ISA_USAGE = YES_ERROR;
				CLANG_WARN_DOCUMENTATION_COMMENTS = YES;
				CLANG_WARN_EMPTY_BODY = YES;
				CLANG_WARN_ENUM_CONVERSION = YES;
				CLANG_WARN_INFINITE_RECURSION = YES;
				CLANG_WARN_INT_CONVERSION = YES;
				CLANG_WARN_NON_LITERAL_NULL_CONVERSION = YES;
				CLANG_WARN_OBJC_IMPLICIT_RETAIN_SELF = YES;
				CLANG_WARN_OBJC_LITERAL_CONVERSION = YES;
				CLANG_WARN_OBJC_ROOT_CLASS = YES_ERROR;
				CLANG_WARN_RANGE_LOOP_ANALYSIS = YES;
				CLANG_WARN_STRICT_PROTOTYPES = YES;
				CLANG_WARN_SUSPICIOUS_MOVE = YES;
				CLANG_WARN_UNGUARDED_AVAILABILITY = YES_AGGRESSIVE;
				CLANG_WARN_UNREACHABLE_CODE = YES;
				CLANG_WARN__DUPLICATE_METHOD_MATCH = YES;
				COPY_PHASE_STRIP = NO;
				DEBUG_INFORMATION_FORMAT = "dwarf-with-dsym";
				ENABLE_NS_ASSERTIONS = NO;
				ENABLE_STRICT_OBJC_MSGSEND = YES;
				GCC_C_LANGUAGE_STANDARD = gnu11;
				GCC_NO_COMMON_BLOCKS = YES;
				GCC_WARN_64_TO_32_BIT_CONVERSION = YES;
				GCC_WARN_ABOUT_RETURN_TYPE = YES_ERROR;
				GCC_WARN_UNDECLARED_SELECTOR = YES;
				GCC_WARN_UNINITIALIZED_AUTOS = YES_AGGRESSIVE;
				GCC_WARN_UNUSED_FUNCTION = YES;
				GCC_WARN_UNUSED_VARIABLE = YES;
				IPHONEOS_DEPLOYMENT_TARGET = 13.0;
				MTL_ENABLE_DEBUG_INFO = NO;
				MTL_FAST_MATH = YES;
				SDKROOT = iphoneos;
				SWIFT_COMPILATION_MODE = wholemodule;
				SWIFT_OPTIMIZATION_LEVEL = "-O";
				VALIDATE_PRODUCT = YES;
			};
			name = Release;
		};
		797B94772426DDC900AF1311 /* Debug */ = {
			isa = XCBuildConfiguration;
			buildSettings = {
				ASSETCATALOG_COMPILER_APPICON_NAME = AppIcon;
				CODE_SIGN_STYLE = Automatic;
				DEVELOPMENT_TEAM = K294GUNFUQ;
				INFOPLIST_FILE = Plantabase/Info.plist;
				LD_RUNPATH_SEARCH_PATHS = (
					"$(inherited)",
					"@executable_path/Frameworks",
				);
				PRODUCT_BUNDLE_IDENTIFIER = "Sophia-Shovkovy.Plantabase";
				PRODUCT_NAME = "$(TARGET_NAME)";
				SWIFT_VERSION = 5.0;
				TARGETED_DEVICE_FAMILY = "1,2";
			};
			name = Debug;
		};
		797B94782426DDC900AF1311 /* Release */ = {
			isa = XCBuildConfiguration;
			buildSettings = {
				ASSETCATALOG_COMPILER_APPICON_NAME = AppIcon;
				CODE_SIGN_STYLE = Automatic;
				DEVELOPMENT_TEAM = K294GUNFUQ;
				INFOPLIST_FILE = Plantabase/Info.plist;
				LD_RUNPATH_SEARCH_PATHS = (
					"$(inherited)",
					"@executable_path/Frameworks",
				);
				PRODUCT_BUNDLE_IDENTIFIER = "Sophia-Shovkovy.Plantabase";
				PRODUCT_NAME = "$(TARGET_NAME)";
				SWIFT_VERSION = 5.0;
				TARGETED_DEVICE_FAMILY = "1,2";
			};
			name = Release;
		};
/* End XCBuildConfiguration section */

/* Begin XCConfigurationList section */
		797B945A2426DDC800AF1311 /* Build configuration list for PBXProject "Plantabase" */ = {
			isa = XCConfigurationList;
			buildConfigurations = (
				797B94742426DDC900AF1311 /* Debug */,
				797B94752426DDC900AF1311 /* Release */,
			);
			defaultConfigurationIsVisible = 0;
			defaultConfigurationName = Release;
		};
		797B94762426DDC900AF1311 /* Build configuration list for PBXNativeTarget "Plantabase" */ = {
			isa = XCConfigurationList;
			buildConfigurations = (
				797B94772426DDC900AF1311 /* Debug */,
				797B94782426DDC900AF1311 /* Release */,
			);
			defaultConfigurationIsVisible = 0;
			defaultConfigurationName = Release;
		};
/* End XCConfigurationList section */

/* Begin XCVersionGroup section */
		797B946B2426DDC900AF1311 /* Plantabase.xcdatamodeld */ = {
			isa = XCVersionGroup;
			children = (
				797B946C2426DDC900AF1311 /* Plantabase.xcdatamodel */,
			);
			currentVersion = 797B946C2426DDC900AF1311 /* Plantabase.xcdatamodel */;
			path = Plantabase.xcdatamodeld;
			sourceTree = "<group>";
			versionGroupType = wrapper.xcdatamodel;
		};
/* End XCVersionGroup section */
	};
	rootObject = 797B94572426DDC800AF1311 /* Project object */;
}
